
Microsoft Visual Studio Solution File, Format Version 12.00
# Visual Studio 15
VisualStudioVersion = 15.0.27703.2042
MinimumVisualStudioVersion = 10.0.40219.1
Project("{FAE04EC0-301F-11D3-BF4B-00C04F79EFBC}") = "Docker.Web", "Docker.Web\Docker.Web.csproj", "{6E4E8261-B1BD-48DF-8C7C-30AAFAF324B1}"
EndProject
Project("{E53339B2-1760-4266-BCC7-CA923CBCF16C}") = "docker-compose", "docker-compose.dcproj", "{8C94311C-9850-41B9-9706-EBD3BF5735AF}"
EndProject
Global
	GlobalSection(SolutionConfigurationPlatforms) = preSolution
		Debug|Any CPU = Debug|Any CPU
		Release|Any CPU = Release|Any CPU
	EndGlobalSection
	GlobalSection(ProjectConfigurationPlatforms) = postSolution
		{6E4E8261-B1BD-48DF-8C7C-30AAFAF324B1}.Debug|Any CPU.ActiveCfg = Debug|Any CPU
		{6E4E8261-B1BD-48DF-8C7C-30AAFAF324B1}.Debug|Any CPU.Build.0 = Debug|Any CPU
		{6E4E8261-B1BD-48DF-8C7C-30AAFAF324B1}.Release|Any CPU.ActiveCfg = Release|Any CPU
		{6E4E8261-B1BD-48DF-8C7C-30AAFAF324B1}.Release|Any CPU.Build.0 = Release|Any CPU
		{8C94311C-9850-41B9-9706-EBD3BF5735AF}.Debug|Any CPU.ActiveCfg = Debug|Any CPU
		{8C94311C-9850-41B9-9706-EBD3BF5735AF}.Debug|Any CPU.Build.0 = Debug|Any CPU
		{8C94311C-9850-41B9-9706-EBD3BF5735AF}.Release|Any CPU.ActiveCfg = Release|Any CPU
		{8C94311C-9850-41B9-9706-EBD3BF5735AF}.Release|Any CPU.Build.0 = Release|Any CPU
	EndGlobalSection
	GlobalSection(SolutionProperties) = preSolution
		HideSolutionNode = FALSE
	EndGlobalSection
	GlobalSection(ExtensibilityGlobals) = postSolution
		SolutionGuid = {ECAB76D6-D635-45F2-9947-74B10C7ACA54}
	EndGlobalSection
EndGlobal
