
Microsoft Visual Studio Solution File, Format Version 12.00
# Visual Studio 15
VisualStudioVersion = 15.0.27428.2043
MinimumVisualStudioVersion = 10.0.40219.1
Project("{FAE04EC0-301F-11D3-BF4B-00C04F79EFBC}") = "mydocker_project", "mydocker_project\mydocker_project.csproj", "{4E799C32-5CB6-49AA-9B6C-10F84D4AA615}"
EndProject
Project("{E53339B2-1760-4266-BCC7-CA923CBCF16C}") = "docker-compose", "docker-compose.dcproj", "{A36BB498-427A-4578-B543-83F9FD8EDB00}"
EndProject
Global
	GlobalSection(SolutionConfigurationPlatforms) = preSolution
		Debug|Any CPU = Debug|Any CPU
		Release|Any CPU = Release|Any CPU
	EndGlobalSection
	GlobalSection(ProjectConfigurationPlatforms) = postSolution
		{4E799C32-5CB6-49AA-9B6C-10F84D4AA615}.Debug|Any CPU.ActiveCfg = Debug|Any CPU
		{4E799C32-5CB6-49AA-9B6C-10F84D4AA615}.Debug|Any CPU.Build.0 = Debug|Any CPU
		{4E799C32-5CB6-49AA-9B6C-10F84D4AA615}.Release|Any CPU.ActiveCfg = Release|Any CPU
		{4E799C32-5CB6-49AA-9B6C-10F84D4AA615}.Release|Any CPU.Build.0 = Release|Any CPU
		{A36BB498-427A-4578-B543-83F9FD8EDB00}.Debug|Any CPU.ActiveCfg = Debug|Any CPU
		{A36BB498-427A-4578-B543-83F9FD8EDB00}.Debug|Any CPU.Build.0 = Debug|Any CPU
		{A36BB498-427A-4578-B543-83F9FD8EDB00}.Release|Any CPU.ActiveCfg = Release|Any CPU
		{A36BB498-427A-4578-B543-83F9FD8EDB00}.Release|Any CPU.Build.0 = Release|Any CPU
	EndGlobalSection
	GlobalSection(SolutionProperties) = preSolution
		HideSolutionNode = FALSE
	EndGlobalSection
	GlobalSection(ExtensibilityGlobals) = postSolution
		SolutionGuid = {587058DB-53D0-4AB7-8928-8D9B7871CD81}
	EndGlobalSection
EndGlobal
